
Microsoft Visual Studio Solution File, Format Version 12.00
# Visual Studio Version 17
VisualStudioVersion = 17.7.34031.279
MinimumVisualStudioVersion = 10.0.40219.1
Project("{FAE04EC0-301F-11D3-BF4B-00C04F79EFBC}") = "VBStore", "VBStore.csproj", "{9172770E-DDF7-49C8-A52B-FF0B08984550}"
EndProject
Global
	GlobalSection(SolutionConfigurationPlatforms) = preSolution
		Debug|Any CPU = Debug|Any CPU
		Release|Any CPU = Release|Any CPU
	EndGlobalSection
	GlobalSection(ProjectConfigurationPlatforms) = postSolution
		{9172770E-DDF7-49C8-A52B-FF0B08984550}.Debug|Any CPU.ActiveCfg = Debug|Any CPU
		{9172770E-DDF7-49C8-A52B-FF0B08984550}.Debug|Any CPU.Build.0 = Debug|Any CPU
		{9172770E-DDF7-49C8-A52B-FF0B08984550}.Release|Any CPU.ActiveCfg = Release|Any CPU
		{9172770E-DDF7-49C8-A52B-FF0B08984550}.Release|Any CPU.Build.0 = Release|Any CPU
	EndGlobalSection
	GlobalSection(SolutionProperties) = preSolution
		HideSolutionNode = FALSE
	EndGlobalSection
	GlobalSection(ExtensibilityGlobals) = postSolution
		SolutionGuid = {86FDBA8F-9E72-4C53-94F7-5A859293E9D4}
	EndGlobalSection
EndGlobal
